{
	"name": "simple-http-server-express",
	"version": "0.3.0",
	"lockfileVersion": 1,
	"requires": true,
	"dependencies": {
		"ts-simple-interfaces": {
			"version": "0.2.3",
			"resolved": "https://registry.npmjs.org/ts-simple-interfaces/-/ts-simple-interfaces-0.2.3.tgz",
			"integrity": "sha512-rXvMvXOpD0a6rv6Kz4TPRBuWuI8JgsNJlP36ed1m6pHCKKD6SH7jTsFQjAKeaVNIoeFJHw3eKG7pibD00M2B0g==",
			"requires": {
				"@openfinance/http-errors": "^1.1.0"
			},
			"dependencies": {
				"@openfinance/http-errors": {
					"version": "1.5.0",
					"resolved": "https://registry.npmjs.org/@openfinance/http-errors/-/http-errors-1.5.0.tgz",
					"integrity": "sha512-PEwXfcZYrbME3Gv+wZ8yZ9XVlbNSWceQgisFqpTukLxTVgBFzaLTtujye2EzlneYRflnp5N0qco4kAnU2uO4GQ=="
				}
			}
		}
	}
}
