{
  "name": "ts-simple-interfaces-testing",
  "version": "0.4.2",
  "lockfileVersion": 1,
  "requires": true,
  "dependencies": {
    "@openfinanceio/http-errors": {
      "version": "1.5.2",
      "resolved": "https://npm.pkg.github.com/download/@openfinanceio/http-errors/1.5.2/deadcd3f9572d0294a716b7fcc23e218c761178f976d649825a112a27ac9a813",
      "integrity": "sha512-RTTddztIu7n1lztdO/SgwMIOMWxzXcqRoc0M7hRAENs0+8yeK3QY8n+XWjyIRQ5Ngz+uiNfBqXvF151AjZe6jw=="
    },
    "@types/node": {
      "version": "10.14.13",
      "resolved": "https://registry.npmjs.org/@types/node/-/node-10.14.13.tgz",
      "integrity": "sha512-yN/FNNW1UYsRR1wwAoyOwqvDuLDtVXnaJTZ898XIw/Q5cCaeVAlVwvsmXLX5PuiScBYwZsZU4JYSHB3TvfdwvQ==",
      "dev": true
    },
    "ts-md5": {
      "version": "1.2.4",
      "resolved": "https://registry.npmjs.org/ts-md5/-/ts-md5-1.2.4.tgz",
      "integrity": "sha512-oW+rNjc9CAhalPFzbPWsLqPLzdNcJ8iSm+OXO+Uv+99r3PzCJuM5sVc0bO1eS+4LD2xv+nfU7ylBdwoemUV9Yw=="
    },
    "ts-simple-interfaces": {
      "version": "0.4.3",
      "resolved": "https://registry.npmjs.org/ts-simple-interfaces/-/ts-simple-interfaces-0.4.3.tgz",
      "integrity": "sha512-5KHq9dTw7OP8ZjTMXLptKe5/e6M4vZ9VoDn8f+x9L54baK6J2wgNOdJwzrMR4QMo0/gb1bG4lCGrvejiC7uorg==",
      "requires": {
        "@openfinanceio/http-errors": "^1.1.0"
      }
    },
    "typescript": {
      "version": "4.0.3",
      "resolved": "https://registry.npmjs.org/typescript/-/typescript-4.0.3.tgz",
      "integrity": "sha512-tEu6DGxGgRJPb/mVPIZ48e69xCn2yRmCgYmDugAVwmJ6o+0u1RI18eO7E7WBTLYLaEVVOhwQmcdhQHweux/WPg==",
      "dev": true
    }
  }
}
