{
  "name": "@wymp/ts-simple-interfaces-testing",
  "version": "0.6.0",
  "lockfileVersion": 2,
  "requires": true,
  "packages": {
    "": {
      "name": "@wymp/ts-simple-interfaces-testing",
      "version": "0.6.0",
      "license": "MIT",
      "dependencies": {
        "@wymp/ts-simple-interfaces": "^0.4.0 || ^0.5.0 || ^0.6.0",
        "ts-md5": "^1.2.4"
      },
      "devDependencies": {
        "@types/node": "^10.17.60",
        "typescript": "^4.2.4"
      }
    },
    "node_modules/@types/node": {
      "version": "10.17.60",
      "resolved": "https://registry.npmjs.org/@types/node/-/node-10.17.60.tgz",
      "integrity": "sha512-F0KIgDJfy2nA3zMLmWGKxcH2ZVEtCZXHHdOQs2gSaQ27+lNeEfGxzkIw90aXswATX7AZ33tahPbzy6KAfUreVw==",
      "dev": true
    },
    "node_modules/@wymp/http-errors": {
      "version": "2.0.0",
      "resolved": "https://npm.pkg.github.com/download/@wymp/http-errors/2.0.0/c99ae7ae64100264f1bfa249e4156afd913222e9a1b0857f96488d4cccd84cc1",
      "integrity": "sha512-6ifG/412JukAA90id5OgalgF3EUG7F/vt1GEGW/xKbuFZWV664l5sbMIwPpZSJR853bGDiXBHIOrgQcRY7amCQ==",
      "license": "MIT"
    },
    "node_modules/@wymp/ts-simple-interfaces": {
      "version": "0.6.0",
      "resolved": "https://npm.pkg.github.com/download/@wymp/ts-simple-interfaces/0.6.0/916c497a66cce4f4888f6f19d46a572526d81906a7ceee9cce24d3cc4e666361",
      "integrity": "sha512-EhKry0BsB5x4fZnBRNvUq1chN/J+ehuV70NmzNrqKotrn/dDzA6YmoYlspaSkpq0LevAQ5ZyzaIa2Vo4ECFgAQ==",
      "license": "MIT",
      "dependencies": {
        "@wymp/http-errors": "^1.8.0 || ^2.0.0"
      }
    },
    "node_modules/ts-md5": {
      "version": "1.2.11",
      "resolved": "https://registry.npmjs.org/ts-md5/-/ts-md5-1.2.11.tgz",
      "integrity": "sha512-vAwy9rEuRE6a8xa1MavIVkLFyyU0ydk4CLMFA5vOVccmQKLOuGb/BHm3oEN7XHf2FoqS+z0pSvhaad/ombd1Vg=="
    },
    "node_modules/typescript": {
      "version": "4.6.2",
      "resolved": "https://registry.npmjs.org/typescript/-/typescript-4.6.2.tgz",
      "integrity": "sha512-HM/hFigTBHZhLXshn9sN37H085+hQGeJHJ/X7LpBWLID/fbc2acUMfU+lGD98X81sKP+pFa9f0DZmCwB9GnbAg==",
      "dev": true,
      "bin": {
        "tsc": "bin/tsc",
        "tsserver": "bin/tsserver"
      },
      "engines": {
        "node": ">=4.2.0"
      }
    }
  },
  "dependencies": {
    "@types/node": {
      "version": "10.17.60",
      "resolved": "https://registry.npmjs.org/@types/node/-/node-10.17.60.tgz",
      "integrity": "sha512-F0KIgDJfy2nA3zMLmWGKxcH2ZVEtCZXHHdOQs2gSaQ27+lNeEfGxzkIw90aXswATX7AZ33tahPbzy6KAfUreVw==",
      "dev": true
    },
    "@wymp/http-errors": {
      "version": "2.0.0",
      "resolved": "https://npm.pkg.github.com/download/@wymp/http-errors/2.0.0/c99ae7ae64100264f1bfa249e4156afd913222e9a1b0857f96488d4cccd84cc1",
      "integrity": "sha512-6ifG/412JukAA90id5OgalgF3EUG7F/vt1GEGW/xKbuFZWV664l5sbMIwPpZSJR853bGDiXBHIOrgQcRY7amCQ=="
    },
    "@wymp/ts-simple-interfaces": {
      "version": "0.6.0",
      "resolved": "https://npm.pkg.github.com/download/@wymp/ts-simple-interfaces/0.6.0/916c497a66cce4f4888f6f19d46a572526d81906a7ceee9cce24d3cc4e666361",
      "integrity": "sha512-EhKry0BsB5x4fZnBRNvUq1chN/J+ehuV70NmzNrqKotrn/dDzA6YmoYlspaSkpq0LevAQ5ZyzaIa2Vo4ECFgAQ==",
      "requires": {
        "@wymp/http-errors": "^1.8.0 || ^2.0.0"
      }
    },
    "ts-md5": {
      "version": "1.2.11",
      "resolved": "https://registry.npmjs.org/ts-md5/-/ts-md5-1.2.11.tgz",
      "integrity": "sha512-vAwy9rEuRE6a8xa1MavIVkLFyyU0ydk4CLMFA5vOVccmQKLOuGb/BHm3oEN7XHf2FoqS+z0pSvhaad/ombd1Vg=="
    },
    "typescript": {
      "version": "4.6.2",
      "resolved": "https://registry.npmjs.org/typescript/-/typescript-4.6.2.tgz",
      "integrity": "sha512-HM/hFigTBHZhLXshn9sN37H085+hQGeJHJ/X7LpBWLID/fbc2acUMfU+lGD98X81sKP+pFa9f0DZmCwB9GnbAg==",
      "dev": true
    }
  }
}
