{
  "name": "@wymp/ts-simple-interfaces-testing",
  "version": "0.5.1",
  "lockfileVersion": 1,
  "requires": true,
  "dependencies": {
    "@types/node": {
      "version": "10.17.60",
      "resolved": "https://registry.npmjs.org/@types/node/-/node-10.17.60.tgz",
      "integrity": "sha512-F0KIgDJfy2nA3zMLmWGKxcH2ZVEtCZXHHdOQs2gSaQ27+lNeEfGxzkIw90aXswATX7AZ33tahPbzy6KAfUreVw==",
      "dev": true
    },
    "@wymp/http-errors": {
      "version": "1.8.0",
      "resolved": "https://npm.pkg.github.com/download/@wymp/http-errors/1.8.0/8f9621a42aa03aefae1978b877ab6dc482944d347bbbfcea14bee59b43ae4851",
      "integrity": "sha512-YyE/T6F/otC5EU+mYsxqNYuKJFRxymBjqvHIB5roigbju8MLLtrZJVoRBcFFgZZq/Bc7Yxg1qHuAQMolHUbsKA=="
    },
    "@wymp/ts-simple-interfaces": {
      "version": "0.5.2",
      "resolved": "https://npm.pkg.github.com/download/@wymp/ts-simple-interfaces/0.5.2/fffbcbaab981c1014b17280fe4ce7f4a021eaff3fbbcf893f8eeb737df821f36",
      "integrity": "sha512-moEXWDRfbZqD3Yr9aib1C+bcuiUhTzNrCMXfRW2AXzMuD9AnJ08rf1jh1GzhFwZ0kPjxUtzP9O6pgNqrYM4Kyg==",
      "requires": {
        "@wymp/http-errors": "^1.1.0"
      }
    },
    "ts-md5": {
      "version": "1.2.7",
      "resolved": "https://registry.npmjs.org/ts-md5/-/ts-md5-1.2.7.tgz",
      "integrity": "sha512-emODogvKGWi1KO1l9c6YxLMBn6CEH3VrH5mVPIyOtxBG52BvV4jP3GWz6bOZCz61nLgBc3ffQYE4+EHfCD+V7w=="
    },
    "typescript": {
      "version": "4.2.4",
      "resolved": "https://registry.npmjs.org/typescript/-/typescript-4.2.4.tgz",
      "integrity": "sha512-V+evlYHZnQkaz8TRBuxTA92yZBPotr5H+WhQ7bD3hZUndx5tGOa1fuCgeSjxAzM1RiN5IzvadIXTVefuuwZCRg==",
      "dev": true
    }
  }
}
