{
  "name": "simple-interfaces",
  "version": "1.0.0",
  "lockfileVersion": 1,
  "requires": true,
  "dependencies": {
    "@openfinance/http-errors": {
      "version": "1.1.0",
      "resolved": "https://registry.npmjs.org/@openfinance/http-errors/-/http-errors-1.1.0.tgz",
      "integrity": "sha512-TlGiecoA2f0nsLNyIQsvHFBGidmkSeCtNhw/iyOC7kdiRSY0DRURqmiRRJcZTT9NY3qKfvpDHq9KDLaguwaNaA=="
    },
    "@types/node": {
      "version": "10.14.7",
      "resolved": "https://registry.npmjs.org/@types/node/-/node-10.14.7.tgz",
      "integrity": "sha512-on4MmIDgHXiuJDELPk1NFaKVUxxCFr37tm8E9yN6rAiF5Pzp/9bBfBHkoexqRiY+hk/Z04EJU9kKEb59YqJ82A==",
      "dev": true
    }
  }
}
